
Microsoft Visual Studio Solution File, Format Version 12.00
# Visual Studio Version 16
VisualStudioVersion = 16.0.34114.132
MinimumVisualStudioVersion = 10.0.40219.1
Project("{FAE04EC0-301F-11D3-BF4B-00C04F79EFBC}") = "STUTEST", "STUTEST\STUTEST.csproj", "{79F04D41-D158-4121-ADA3-014FA3AC8AE0}"
EndProject
Global
	GlobalSection(SolutionConfigurationPlatforms) = preSolution
		Debug|Any CPU = Debug|Any CPU
		Release|Any CPU = Release|Any CPU
	EndGlobalSection
	GlobalSection(ProjectConfigurationPlatforms) = postSolution
		{79F04D41-D158-4121-ADA3-014FA3AC8AE0}.Debug|Any CPU.ActiveCfg = Debug|Any CPU
		{79F04D41-D158-4121-ADA3-014FA3AC8AE0}.Debug|Any CPU.Build.0 = Debug|Any CPU
		{79F04D41-D158-4121-ADA3-014FA3AC8AE0}.Release|Any CPU.ActiveCfg = Release|Any CPU
		{79F04D41-D158-4121-ADA3-014FA3AC8AE0}.Release|Any CPU.Build.0 = Release|Any CPU
	EndGlobalSection
	GlobalSection(SolutionProperties) = preSolution
		HideSolutionNode = FALSE
	EndGlobalSection
	GlobalSection(ExtensibilityGlobals) = postSolution
		SolutionGuid = {18A1FB60-922E-41B1-9540-4F193E137F7F}
	EndGlobalSection
EndGlobal
